
Microsoft Visual Studio Solution File, Format Version 12.00
# Visual Studio Version 17
VisualStudioVersion = 17.9.34723.18
MinimumVisualStudioVersion = 10.0.40219.1
Project("{FAE04EC0-301F-11D3-BF4B-00C04F79EFBC}") = "puncherTng", "puncherTng\puncherTng.csproj", "{C1EA9DF3-829F-44E6-B8DE-27C4BA714E94}"
EndProject
Global
	GlobalSection(SolutionConfigurationPlatforms) = preSolution
		Debug|Any CPU = Debug|Any CPU
		Release|Any CPU = Release|Any CPU
	EndGlobalSection
	GlobalSection(ProjectConfigurationPlatforms) = postSolution
		{C1EA9DF3-829F-44E6-B8DE-27C4BA714E94}.Debug|Any CPU.ActiveCfg = Debug|Any CPU
		{C1EA9DF3-829F-44E6-B8DE-27C4BA714E94}.Debug|Any CPU.Build.0 = Debug|Any CPU
		{C1EA9DF3-829F-44E6-B8DE-27C4BA714E94}.Release|Any CPU.ActiveCfg = Release|Any CPU
		{C1EA9DF3-829F-44E6-B8DE-27C4BA714E94}.Release|Any CPU.Build.0 = Release|Any CPU
	EndGlobalSection
	GlobalSection(SolutionProperties) = preSolution
		HideSolutionNode = FALSE
	EndGlobalSection
	GlobalSection(ExtensibilityGlobals) = postSolution
		SolutionGuid = {FD525E74-674B-4F03-9065-947EE15F1E24}
	EndGlobalSection
EndGlobal
